dependencies:
- name: els-client
  repository: file://./client
  version: 1.0.0
- name: els-server
  repository: file://./server
  version: 0.1.0
- name: els-postgres
  repository: file://./postgres
  version: 1.0.0
digest: sha256:31119a63bd8adee1b685997689645c9b66d730926a93a555f133ead398e74c3c
generated: "2025-12-10T15:17:03.394224451+05:30"
