dependencies:
- name: client
  repository: file://./client
  version: 1.0.0
- name: server
  repository: file://./server
  version: 0.1.0
- name: postgres
  repository: file://./postgres
  version: 1.0.0
digest: sha256:eb69732cc2b4a2a95e87a69844950efc5b6ebd297d3bff84c112c813e23b0404
generated: "2025-12-10T12:56:35.224056714+05:30"
